
Microsoft Visual Studio Solution File, Format Version 12.00
# Visual Studio Version 17
VisualStudioVersion = 17.13.35931.197
MinimumVisualStudioVersion = 10.0.40219.1
Project("{FAE04EC0-301F-11D3-BF4B-00C04F79EFBC}") = "PostgresWorkloadSimulator", "PostgresWorkloadSimulator\PostgresWorkloadSimulator.csproj", "{44B7E96A-63B9-27C1-D4F6-B55A182CAFDB}"
EndProject
Global
	GlobalSection(SolutionConfigurationPlatforms) = preSolution
		Debug|Any CPU = Debug|Any CPU
		Release|Any CPU = Release|Any CPU
	EndGlobalSection
	GlobalSection(ProjectConfigurationPlatforms) = postSolution
		{44B7E96A-63B9-27C1-D4F6-B55A182CAFDB}.Debug|Any CPU.ActiveCfg = Debug|Any CPU
		{44B7E96A-63B9-27C1-D4F6-B55A182CAFDB}.Debug|Any CPU.Build.0 = Debug|Any CPU
		{44B7E96A-63B9-27C1-D4F6-B55A182CAFDB}.Release|Any CPU.ActiveCfg = Release|Any CPU
		{44B7E96A-63B9-27C1-D4F6-B55A182CAFDB}.Release|Any CPU.Build.0 = Release|Any CPU
	EndGlobalSection
	GlobalSection(SolutionProperties) = preSolution
		HideSolutionNode = FALSE
	EndGlobalSection
	GlobalSection(ExtensibilityGlobals) = postSolution
		SolutionGuid = {A6BCB113-DC5A-4043-AEAA-6A7A0F2058B7}
	EndGlobalSection
EndGlobal
